// !$*UTF8*$!
{
	archiveVersion = 1;
	classes = {
	};
	objectVersion = 55;
	objects = {

/* Begin PBXBuildFile section */
		24830928271FFAF8007D1F97 /* SideMenuIWithCustomShapeSwiftUIApp.swift in Sources */ = {isa = PBXBuildFile; fileRef = 24830927271FFAF8007D1F97 /* SideMenuIWithCustomShapeSwiftUIApp.swift */; };
		2483092A271FFAF8007D1F97 /* ContentView.swift in Sources */ = {isa = PBXBuildFile; fileRef = 24830929271FFAF8007D1F97 /* ContentView.swift */; };
		2483092C271FFAFB007D1F97 /* Assets.xcassets in Resources */ = {isa = PBXBuildFile; fileRef = 2483092B271FFAFB007D1F97 /* Assets.xcassets */; };
		2483092F271FFAFB007D1F97 /* Preview Assets.xcassets in Resources */ = {isa = PBXBuildFile; fileRef = 2483092E271FFAFB007D1F97 /* Preview Assets.xcassets */; };
		248309382720010F007D1F97 /* Home.swift in Sources */ = {isa = PBXBuildFile; fileRef = 248309372720010F007D1F97 /* Home.swift */; };
		2483093A27200381007D1F97 /* Story.swift in Sources */ = {isa = PBXBuildFile; fileRef = 2483093927200381007D1F97 /* Story.swift */; };
		2483093C27201AB2007D1F97 /* MenuView.swift in Sources */ = {isa = PBXBuildFile; fileRef = 2483093B27201AB2007D1F97 /* MenuView.swift */; };
		2483093E27201B4C007D1F97 /* BlurView.swift in Sources */ = {isa = PBXBuildFile; fileRef = 2483093D27201B4C007D1F97 /* BlurView.swift */; };
/* End PBXBuildFile section */

/* Begin PBXFileReference section */
		24830924271FFAF8007D1F97 /* SideMenuIWithCustomShapeSwiftUI.app */ = {isa = PBXFileReference; explicitFileType = wrapper.application; includeInIndex = 0; path = SideMenuIWithCustomShapeSwiftUI.app; sourceTree = BUILT_PRODUCTS_DIR; };
		24830927271FFAF8007D1F97 /* SideMenuIWithCustomShapeSwiftUIApp.swift */ = {isa = PBXFileReference; lastKnownFileType = sourcecode.swift; path = SideMenuIWithCustomShapeSwiftUIApp.swift; sourceTree = "<group>"; };
		24830929271FFAF8007D1F97 /* ContentView.swift */ = {isa = PBXFileReference; lastKnownFileType = sourcecode.swift; path = ContentView.swift; sourceTree = "<group>"; };
		2483092B271FFAFB007D1F97 /* Assets.xcassets */ = {isa = PBXFileReference; lastKnownFileType = folder.assetcatalog; path = Assets.xcassets; sourceTree = "<group>"; };
		2483092E271FFAFB007D1F97 /* Preview Assets.xcassets */ = {isa = PBXFileReference; lastKnownFileType = folder.assetcatalog; path = "Preview Assets.xcassets"; sourceTree = "<group>"; };
		248309372720010F007D1F97 /* Home.swift */ = {isa = PBXFileReference; lastKnownFileType = sourcecode.swift; path = Home.swift; sourceTree = "<group>"; };
		2483093927200381007D1F97 /* Story.swift */ = {isa = PBXFileReference; lastKnownFileType = sourcecode.swift; path = Story.swift; sourceTree = "<group>"; };
		2483093B27201AB2007D1F97 /* MenuView.swift */ = {isa = PBXFileReference; lastKnownFileType = sourcecode.swift; path = MenuView.swift; sourceTree = "<group>"; };
		2483093D27201B4C007D1F97 /* BlurView.swift */ = {isa = PBXFileReference; lastKnownFileType = sourcecode.swift; path = BlurView.swift; sourceTree = "<group>"; };
/* End PBXFileReference section */

/* Begin PBXFrameworksBuildPhase section */
		24830921271FFAF8007D1F97 /* Frameworks */ = {
			isa = PBXFrameworksBuildPhase;
			buildActionMask = 2147483647;
			files = (
			);
			runOnlyForDeploymentPostprocessing = 0;
		};
/* End PBXFrameworksBuildPhase section */

/* Begin PBXGroup section */
		2483091B271FFAF8007D1F97 = {
			isa = PBXGroup;
			children = (
				24830926271FFAF8007D1F97 /* SideMenuIWithCustomShapeSwiftUI */,
				24830925271FFAF8007D1F97 /* Products */,
			);
			sourceTree = "<group>";
		};
		24830925271FFAF8007D1F97 /* Products */ = {
			isa = PBXGroup;
			children = (
				24830924271FFAF8007D1F97 /* SideMenuIWithCustomShapeSwiftUI.app */,
			);
			name = Products;
			sourceTree = "<group>";
		};
		24830926271FFAF8007D1F97 /* SideMenuIWithCustomShapeSwiftUI */ = {
			isa = PBXGroup;
			children = (
				24830935272000F0007D1F97 /* Model */,
				24830936272000F5007D1F97 /* View */,
				24830927271FFAF8007D1F97 /* SideMenuIWithCustomShapeSwiftUIApp.swift */,
				24830929271FFAF8007D1F97 /* ContentView.swift */,
				2483092B271FFAFB007D1F97 /* Assets.xcassets */,
				2483092D271FFAFB007D1F97 /* Preview Content */,
			);
			path = SideMenuIWithCustomShapeSwiftUI;
			sourceTree = "<group>";
		};
		2483092D271FFAFB007D1F97 /* Preview Content */ = {
			isa = PBXGroup;
			children = (
				2483092E271FFAFB007D1F97 /* Preview Assets.xcassets */,
			);
			path = "Preview Content";
			sourceTree = "<group>";
		};
		24830935272000F0007D1F97 /* Model */ = {
			isa = PBXGroup;
			children = (
				2483093927200381007D1F97 /* Story.swift */,
			);
			path = Model;
			sourceTree = "<group>";
		};
		24830936272000F5007D1F97 /* View */ = {
			isa = PBXGroup;
			children = (
				248309372720010F007D1F97 /* Home.swift */,
				2483093B27201AB2007D1F97 /* MenuView.swift */,
				2483093D27201B4C007D1F97 /* BlurView.swift */,
			);
			path = View;
			sourceTree = "<group>";
		};
/* End PBXGroup section */

/* Begin PBXNativeTarget section */
		24830923271FFAF8007D1F97 /* SideMenuIWithCustomShapeSwiftUI */ = {
			isa = PBXNativeTarget;
			buildConfigurationList = 24830932271FFAFB007D1F97 /* Build configuration list for PBXNativeTarget "SideMenuIWithCustomShapeSwiftUI" */;
			buildPhases = (
				24830920271FFAF8007D1F97 /* Sources */,
				24830921271FFAF8007D1F97 /* Frameworks */,
				24830922271FFAF8007D1F97 /* Resources */,
			);
			buildRules = (
			);
			dependencies = (
			);
			name = SideMenuIWithCustomShapeSwiftUI;
			productName = SideMenuIWithCustomShapeSwiftUI;
			productReference = 24830924271FFAF8007D1F97 /* SideMenuIWithCustomShapeSwiftUI.app */;
			productType = "com.apple.product-type.application";
		};
/* End PBXNativeTarget section */

/* Begin PBXProject section */
		2483091C271FFAF8007D1F97 /* Project object */ = {
			isa = PBXProject;
			attributes = {
				BuildIndependentTargetsInParallel = 1;
				LastSwiftUpdateCheck = 1300;
				LastUpgradeCheck = 1300;
				TargetAttributes = {
					24830923271FFAF8007D1F97 = {
						CreatedOnToolsVersion = 13.0;
					};
				};
			};
			buildConfigurationList = 2483091F271FFAF8007D1F97 /* Build configuration list for PBXProject "SideMenuIWithCustomShapeSwiftUI" */;
			compatibilityVersion = "Xcode 13.0";
			developmentRegion = en;
			hasScannedForEncodings = 0;
			knownRegions = (
				en,
				Base,
			);
			mainGroup = 2483091B271FFAF8007D1F97;
			productRefGroup = 24830925271FFAF8007D1F97 /* Products */;
			projectDirPath = "";
			projectRoot = "";
			targets = (
				24830923271FFAF8007D1F97 /* SideMenuIWithCustomShapeSwiftUI */,
			);
		};
/* End PBXProject section */

/* Begin PBXResourcesBuildPhase section */
		24830922271FFAF8007D1F97 /* Resources */ = {
			isa = PBXResourcesBuildPhase;
			buildActionMask = 2147483647;
			files = (
				2483092F271FFAFB007D1F97 /* Preview Assets.xcassets in Resources */,
				2483092C271FFAFB007D1F97 /* Assets.xcassets in Resources */,
			);
			runOnlyForDeploymentPostprocessing = 0;
		};
/* End PBXResourcesBuildPhase section */

/* Begin PBXSourcesBuildPhase section */
		24830920271FFAF8007D1F97 /* Sources */ = {
			isa = PBXSourcesBuildPhase;
			buildActionMask = 2147483647;
			files = (
				2483093C27201AB2007D1F97 /* MenuView.swift in Sources */,
				2483092A271FFAF8007D1F97 /* ContentView.swift in Sources */,
				248309382720010F007D1F97 /* Home.swift in Sources */,
				24830928271FFAF8007D1F97 /* SideMenuIWithCustomShapeSwiftUIApp.swift in Sources */,
				2483093A27200381007D1F97 /* Story.swift in Sources */,
				2483093E27201B4C007D1F97 /* BlurView.swift in Sources */,
			);
			runOnlyForDeploymentPostprocessing = 0;
		};
/* End PBXSourcesBuildPhase section */

/* Begin XCBuildConfiguration section */
		24830930271FFAFB007D1F97 /* Debug */ = {
			isa = XCBuildConfiguration;
			buildSettings = {
				ALWAYS_SEARCH_USER_PATHS = NO;
				CLANG_ANALYZER_NONNULL = YES;
				CLANG_ANALYZER_NUMBER_OBJECT_CONVERSION = YES_AGGRESSIVE;
				CLANG_CXX_LANGUAGE_STANDARD = "gnu++17";
				CLANG_CXX_LIBRARY = "libc++";
				CLANG_ENABLE_MODULES = YES;
				CLANG_ENABLE_OBJC_ARC = YES;
				CLANG_ENABLE_OBJC_WEAK = YES;
				CLANG_WARN_BLOCK_CAPTURE_AUTORELEASING = YES;
				CLANG_WARN_BOOL_CONVERSION = YES;
				CLANG_WARN_COMMA = YES;
				CLANG_WARN_CONSTANT_CONVERSION = YES;
				CLANG_WARN_DEPRECATED_OBJC_IMPLEMENTATIONS = YES;
				CLANG_WARN_DIRECT_OBJC_ISA_USAGE = YES_ERROR;
				CLANG_WARN_DOCUMENTATION_COMMENTS = YES;
				CLANG_WARN_EMPTY_BODY = YES;
				CLANG_WARN_ENUM_CONVERSION = YES;
				CLANG_WARN_INFINITE_RECURSION = YES;
				CLANG_WARN_INT_CONVERSION = YES;
				CLANG_WARN_NON_LITERAL_NULL_CONVERSION = YES;
				CLANG_WARN_OBJC_IMPLICIT_RETAIN_SELF = YES;
				CLANG_WARN_OBJC_LITERAL_CONVERSION = YES;
				CLANG_WARN_OBJC_ROOT_CLASS = YES_ERROR;
				CLANG_WARN_QUOTED_INCLUDE_IN_FRAMEWORK_HEADER = YES;
				CLANG_WARN_RANGE_LOOP_ANALYSIS = YES;
				CLANG_WARN_STRICT_PROTOTYPES = YES;
				CLANG_WARN_SUSPICIOUS_MOVE = YES;
				CLANG_WARN_UNGUARDED_AVAILABILITY = YES_AGGRESSIVE;
				CLANG_WARN_UNREACHABLE_CODE = YES;
				CLANG_WARN__DUPLICATE_METHOD_MATCH = YES;
				COPY_PHASE_STRIP = NO;
				DEBUG_INFORMATION_FORMAT = dwarf;
				ENABLE_STRICT_OBJC_MSGSEND = YES;
				ENABLE_TESTABILITY = YES;
				GCC_C_LANGUAGE_STANDARD = gnu11;
				GCC_DYNAMIC_NO_PIC = NO;
				GCC_NO_COMMON_BLOCKS = YES;
				GCC_OPTIMIZATION_LEVEL = 0;
				GCC_PREPROCESSOR_DEFINITIONS = (
					"DEBUG=1",
					"$(inherited)",
				);
				GCC_WARN_64_TO_32_BIT_CONVERSION = YES;
				GCC_WARN_ABOUT_RETURN_TYPE = YES_ERROR;
				GCC_WARN_UNDECLARED_SELECTOR = YES;
				GCC_WARN_UNINITIALIZED_AUTOS = YES_AGGRESSIVE;
				GCC_WARN_UNUSED_FUNCTION = YES;
				GCC_WARN_UNUSED_VARIABLE = YES;
				IPHONEOS_DEPLOYMENT_TARGET = 15.0;
				MTL_ENABLE_DEBUG_INFO = INCLUDE_SOURCE;
				MTL_FAST_MATH = YES;
				ONLY_ACTIVE_ARCH = YES;
				SDKROOT = iphoneos;
				SWIFT_ACTIVE_COMPILATION_CONDITIONS = DEBUG;
				SWIFT_OPTIMIZATION_LEVEL = "-Onone";
			};
			name = Debug;
		};
		24830931271FFAFB007D1F97 /* Release */ = {
			isa = XCBuildConfiguration;
			buildSettings = {
				ALWAYS_SEARCH_USER_PATHS = NO;
				CLANG_ANALYZER_NONNULL = YES;
				CLANG_ANALYZER_NUMBER_OBJECT_CONVERSION = YES_AGGRESSIVE;
				CLANG_CXX_LANGUAGE_STANDARD = "gnu++17";
				CLANG_CXX_LIBRARY = "libc++";
				CLANG_ENABLE_MODULES = YES;
				CLANG_ENABLE_OBJC_ARC = YES;
				CLANG_ENABLE_OBJC_WEAK = YES;
				CLANG_WARN_BLOCK_CAPTURE_AUTORELEASING = YES;
				CLANG_WARN_BOOL_CONVERSION = YES;
				CLANG_WARN_COMMA = YES;
				CLANG_WARN_CONSTANT_CONVERSION = YES;
				CLANG_WARN_DEPRECATED_OBJC_IMPLEMENTATIONS = YES;
				CLANG_WARN_DIRECT_OBJC_ISA_USAGE = YES_ERROR;
				CLANG_WARN_DOCUMENTATION_COMMENTS = YES;
				CLANG_WARN_EMPTY_BODY = YES;
				CLANG_WARN_ENUM_CONVERSION = YES;
				CLANG_WARN_INFINITE_RECURSION = YES;
				CLANG_WARN_INT_CONVERSION = YES;
				CLANG_WARN_NON_LITERAL_NULL_CONVERSION = YES;
				CLANG_WARN_OBJC_IMPLICIT_RETAIN_SELF = YES;
				CLANG_WARN_OBJC_LITERAL_CONVERSION = YES;
				CLANG_WARN_OBJC_ROOT_CLASS = YES_ERROR;
				CLANG_WARN_QUOTED_INCLUDE_IN_FRAMEWORK_HEADER = YES;
				CLANG_WARN_RANGE_LOOP_ANALYSIS = YES;
				CLANG_WARN_STRICT_PROTOTYPES = YES;
				CLANG_WARN_SUSPICIOUS_MOVE = YES;
				CLANG_WARN_UNGUARDED_AVAILABILITY = YES_AGGRESSIVE;
				CLANG_WARN_UNREACHABLE_CODE = YES;
				CLANG_WARN__DUPLICATE_METHOD_MATCH = YES;
				COPY_PHASE_STRIP = NO;
				DEBUG_INFORMATION_FORMAT = "dwarf-with-dsym";
				ENABLE_NS_ASSERTIONS = NO;
				ENABLE_STRICT_OBJC_MSGSEND = YES;
				GCC_C_LANGUAGE_STANDARD = gnu11;
				GCC_NO_COMMON_BLOCKS = YES;
				GCC_WARN_64_TO_32_BIT_CONVERSION = YES;
				GCC_WARN_ABOUT_RETURN_TYPE = YES_ERROR;
				GCC_WARN_UNDECLARED_SELECTOR = YES;
				GCC_WARN_UNINITIALIZED_AUTOS = YES_AGGRESSIVE;
				GCC_WARN_UNUSED_FUNCTION = YES;
				GCC_WARN_UNUSED_VARIABLE = YES;
				IPHONEOS_DEPLOYMENT_TARGET = 15.0;
				MTL_ENABLE_DEBUG_INFO = NO;
				MTL_FAST_MATH = YES;
				SDKROOT = iphoneos;
				SWIFT_COMPILATION_MODE = wholemodule;
				SWIFT_OPTIMIZATION_LEVEL = "-O";
				VALIDATE_PRODUCT = YES;
			};
			name = Release;
		};
		24830933271FFAFB007D1F97 /* Debug */ = {
			isa = XCBuildConfiguration;
			buildSettings = {
				ASSETCATALOG_COMPILER_APPICON_NAME = AppIcon;
				ASSETCATALOG_COMPILER_GLOBAL_ACCENT_COLOR_NAME = AccentColor;
				CODE_SIGN_STYLE = Automatic;
				CURRENT_PROJECT_VERSION = 1;
				DEVELOPMENT_ASSET_PATHS = "\"SideMenuIWithCustomShapeSwiftUI/Preview Content\"";
				DEVELOPMENT_TEAM = G264P6PRVG;
				ENABLE_PREVIEWS = YES;
				GENERATE_INFOPLIST_FILE = YES;
				INFOPLIST_KEY_UIApplicationSceneManifest_Generation = YES;
				INFOPLIST_KEY_UIApplicationSupportsIndirectInputEvents = YES;
				INFOPLIST_KEY_UILaunchScreen_Generation = YES;
				INFOPLIST_KEY_UISupportedInterfaceOrientations_iPad = "UIInterfaceOrientationPortrait UIInterfaceOrientationPortraitUpsideDown UIInterfaceOrientationLandscapeLeft UIInterfaceOrientationLandscapeRight";
				INFOPLIST_KEY_UISupportedInterfaceOrientations_iPhone = "UIInterfaceOrientationPortrait UIInterfaceOrientationLandscapeLeft UIInterfaceOrientationLandscapeRight";
				IPHONEOS_DEPLOYMENT_TARGET = 14.0;
				LD_RUNPATH_SEARCH_PATHS = (
					"$(inherited)",
					"@executable_path/Frameworks",
				);
				MARKETING_VERSION = 1.0;
				PRODUCT_BUNDLE_IDENTIFIER = com.SideMenu.SwiftUI.CustomShape.SideMenuIWithCustomShapeSwiftUI;
				PRODUCT_NAME = "$(TARGET_NAME)";
				SWIFT_EMIT_LOC_STRINGS = YES;
				SWIFT_VERSION = 5.0;
				TARGETED_DEVICE_FAMILY = "1,2";
			};
			name = Debug;
		};
		24830934271FFAFB007D1F97 /* Release */ = {
			isa = XCBuildConfiguration;
			buildSettings = {
				ASSETCATALOG_COMPILER_APPICON_NAME = AppIcon;
				ASSETCATALOG_COMPILER_GLOBAL_ACCENT_COLOR_NAME = AccentColor;
				CODE_SIGN_STYLE = Automatic;
				CURRENT_PROJECT_VERSION = 1;
				DEVELOPMENT_ASSET_PATHS = "\"SideMenuIWithCustomShapeSwiftUI/Preview Content\"";
				DEVELOPMENT_TEAM = G264P6PRVG;
				ENABLE_PREVIEWS = YES;
				GENERATE_INFOPLIST_FILE = YES;
				INFOPLIST_KEY_UIApplicationSceneManifest_Generation = YES;
				INFOPLIST_KEY_UIApplicationSupportsIndirectInputEvents = YES;
				INFOPLIST_KEY_UILaunchScreen_Generation = YES;
				INFOPLIST_KEY_UISupportedInterfaceOrientations_iPad = "UIInterfaceOrientationPortrait UIInterfaceOrientationPortraitUpsideDown UIInterfaceOrientationLandscapeLeft UIInterfaceOrientationLandscapeRight";
				INFOPLIST_KEY_UISupportedInterfaceOrientations_iPhone = "UIInterfaceOrientationPortrait UIInterfaceOrientationLandscapeLeft UIInterfaceOrientationLandscapeRight";
				IPHONEOS_DEPLOYMENT_TARGET = 14.0;
				LD_RUNPATH_SEARCH_PATHS = (
					"$(inherited)",
					"@executable_path/Frameworks",
				);
				MARKETING_VERSION = 1.0;
				PRODUCT_BUNDLE_IDENTIFIER = com.SideMenu.SwiftUI.CustomShape.SideMenuIWithCustomShapeSwiftUI;
				PRODUCT_NAME = "$(TARGET_NAME)";
				SWIFT_EMIT_LOC_STRINGS = YES;
				SWIFT_VERSION = 5.0;
				TARGETED_DEVICE_FAMILY = "1,2";
			};
			name = Release;
		};
/* End XCBuildConfiguration section */

/* Begin XCConfigurationList section */
		2483091F271FFAF8007D1F97 /* Build configuration list for PBXProject "SideMenuIWithCustomShapeSwiftUI" */ = {
			isa = XCConfigurationList;
			buildConfigurations = (
				24830930271FFAFB007D1F97 /* Debug */,
				24830931271FFAFB007D1F97 /* Release */,
			);
			defaultConfigurationIsVisible = 0;
			defaultConfigurationName = Release;
		};
		24830932271FFAFB007D1F97 /* Build configuration list for PBXNativeTarget "SideMenuIWithCustomShapeSwiftUI" */ = {
			isa = XCConfigurationList;
			buildConfigurations = (
				24830933271FFAFB007D1F97 /* Debug */,
				24830934271FFAFB007D1F97 /* Release */,
			);
			defaultConfigurationIsVisible = 0;
			defaultConfigurationName = Release;
		};
/* End XCConfigurationList section */
	};
	rootObject = 2483091C271FFAF8007D1F97 /* Project object */;
}
